// !$*UTF8*$!
{
	archiveVersion = 1;
	classes = {
	};
	objectVersion = 50;
	objects = {

/* Begin PBXBuildFile section */
		4903F08F237C4D6300CE9AE2 /* AppDelegate.swift in Sources */ = {isa = PBXBuildFile; fileRef = 4903F08E237C4D6300CE9AE2 /* AppDelegate.swift */; };
		4903F093237C4D6300CE9AE2 /* MainViewController.swift in Sources */ = {isa = PBXBuildFile; fileRef = 4903F092237C4D6300CE9AE2 /* MainViewController.swift */; };
		4903F096237C4D6300CE9AE2 /* Main.storyboard in Resources */ = {isa = PBXBuildFile; fileRef = 4903F094237C4D6300CE9AE2 /* Main.storyboard */; };
		4903F098237C4D6400CE9AE2 /* Assets.xcassets in Resources */ = {isa = PBXBuildFile; fileRef = 4903F097237C4D6400CE9AE2 /* Assets.xcassets */; };
		4903F09B237C4D6400CE9AE2 /* LaunchScreen.storyboard in Resources */ = {isa = PBXBuildFile; fileRef = 4903F099237C4D6400CE9AE2 /* LaunchScreen.storyboard */; };
		4903F0A3237C4D8800CE9AE2 /* Data.json in Resources */ = {isa = PBXBuildFile; fileRef = 4903F0A2237C4D8800CE9AE2 /* Data.json */; };
		4903F0A9237C4E7900CE9AE2 /* Phase.swift in Sources */ = {isa = PBXBuildFile; fileRef = 4903F0A8237C4E7900CE9AE2 /* Phase.swift */; };
		4903F0AC237C4F8400CE9AE2 /* UIColor+Hex.swift in Sources */ = {isa = PBXBuildFile; fileRef = 4903F0AB237C4F8400CE9AE2 /* UIColor+Hex.swift */; };
		4903F0AF237C516B00CE9AE2 /* BreatheView.swift in Sources */ = {isa = PBXBuildFile; fileRef = 4903F0AE237C516B00CE9AE2 /* BreatheView.swift */; };
		4903F0B3237C5A4200CE9AE2 /* SceneDelegate.swift in Sources */ = {isa = PBXBuildFile; fileRef = 4903F0B2237C5A4200CE9AE2 /* SceneDelegate.swift */; };
/* End PBXBuildFile section */

/* Begin PBXFileReference section */
		4903F08B237C4D6300CE9AE2 /* Breathe.app */ = {isa = PBXFileReference; explicitFileType = wrapper.application; includeInIndex = 0; path = Breathe.app; sourceTree = BUILT_PRODUCTS_DIR; };
		4903F08E237C4D6300CE9AE2 /* AppDelegate.swift */ = {isa = PBXFileReference; lastKnownFileType = sourcecode.swift; path = AppDelegate.swift; sourceTree = "<group>"; };
		4903F092237C4D6300CE9AE2 /* MainViewController.swift */ = {isa = PBXFileReference; lastKnownFileType = sourcecode.swift; path = MainViewController.swift; sourceTree = "<group>"; };
		4903F095237C4D6300CE9AE2 /* Base */ = {isa = PBXFileReference; lastKnownFileType = file.storyboard; name = Base; path = Base.lproj/Main.storyboard; sourceTree = "<group>"; };
		4903F097237C4D6400CE9AE2 /* Assets.xcassets */ = {isa = PBXFileReference; lastKnownFileType = folder.assetcatalog; path = Assets.xcassets; sourceTree = "<group>"; };
		4903F09A237C4D6400CE9AE2 /* Base */ = {isa = PBXFileReference; lastKnownFileType = file.storyboard; name = Base; path = Base.lproj/LaunchScreen.storyboard; sourceTree = "<group>"; };
		4903F09C237C4D6400CE9AE2 /* Info.plist */ = {isa = PBXFileReference; lastKnownFileType = text.plist.xml; path = Info.plist; sourceTree = "<group>"; };
		4903F0A2237C4D8800CE9AE2 /* Data.json */ = {isa = PBXFileReference; lastKnownFileType = text.json; path = Data.json; sourceTree = "<group>"; };
		4903F0A8237C4E7900CE9AE2 /* Phase.swift */ = {isa = PBXFileReference; lastKnownFileType = sourcecode.swift; path = Phase.swift; sourceTree = "<group>"; };
		4903F0AB237C4F8400CE9AE2 /* UIColor+Hex.swift */ = {isa = PBXFileReference; lastKnownFileType = sourcecode.swift; path = "UIColor+Hex.swift"; sourceTree = "<group>"; };
		4903F0AE237C516B00CE9AE2 /* BreatheView.swift */ = {isa = PBXFileReference; lastKnownFileType = sourcecode.swift; path = BreatheView.swift; sourceTree = "<group>"; };
		4903F0B2237C5A4200CE9AE2 /* SceneDelegate.swift */ = {isa = PBXFileReference; fileEncoding = 4; lastKnownFileType = sourcecode.swift; path = SceneDelegate.swift; sourceTree = "<group>"; };
/* End PBXFileReference section */

/* Begin PBXFrameworksBuildPhase section */
		4903F088237C4D6300CE9AE2 /* Frameworks */ = {
			isa = PBXFrameworksBuildPhase;
			buildActionMask = 2147483647;
			files = (
			);
			runOnlyForDeploymentPostprocessing = 0;
		};
/* End PBXFrameworksBuildPhase section */

/* Begin PBXGroup section */
		4903F082237C4D6300CE9AE2 = {
			isa = PBXGroup;
			children = (
				4903F08D237C4D6300CE9AE2 /* Breathe */,
				4903F08C237C4D6300CE9AE2 /* Products */,
			);
			sourceTree = "<group>";
		};
		4903F08C237C4D6300CE9AE2 /* Products */ = {
			isa = PBXGroup;
			children = (
				4903F08B237C4D6300CE9AE2 /* Breathe.app */,
			);
			name = Products;
			sourceTree = "<group>";
		};
		4903F08D237C4D6300CE9AE2 /* Breathe */ = {
			isa = PBXGroup;
			children = (
				4903F0B2237C5A4200CE9AE2 /* SceneDelegate.swift */,
				4903F08E237C4D6300CE9AE2 /* AppDelegate.swift */,
				4903F09C237C4D6400CE9AE2 /* Info.plist */,
				4903F0AD237C513C00CE9AE2 /* Components */,
				4903F0A7237C4E0800CE9AE2 /* Models */,
				4903F0A6237C4DF900CE9AE2 /* ViewControllers */,
				4903F0A5237C4DED00CE9AE2 /* Storyboards */,
				4903F0AA237C4F5100CE9AE2 /* Extensions */,
				4903F0A4237C4DDE00CE9AE2 /* Resources */,
			);
			path = Breathe;
			sourceTree = "<group>";
		};
		4903F0A4237C4DDE00CE9AE2 /* Resources */ = {
			isa = PBXGroup;
			children = (
				4903F097237C4D6400CE9AE2 /* Assets.xcassets */,
				4903F0A2237C4D8800CE9AE2 /* Data.json */,
			);
			path = Resources;
			sourceTree = "<group>";
		};
		4903F0A5237C4DED00CE9AE2 /* Storyboards */ = {
			isa = PBXGroup;
			children = (
				4903F094237C4D6300CE9AE2 /* Main.storyboard */,
				4903F099237C4D6400CE9AE2 /* LaunchScreen.storyboard */,
			);
			path = Storyboards;
			sourceTree = "<group>";
		};
		4903F0A6237C4DF900CE9AE2 /* ViewControllers */ = {
			isa = PBXGroup;
			children = (
				4903F092237C4D6300CE9AE2 /* MainViewController.swift */,
			);
			path = ViewControllers;
			sourceTree = "<group>";
		};
		4903F0A7237C4E0800CE9AE2 /* Models */ = {
			isa = PBXGroup;
			children = (
				4903F0A8237C4E7900CE9AE2 /* Phase.swift */,
			);
			path = Models;
			sourceTree = "<group>";
		};
		4903F0AA237C4F5100CE9AE2 /* Extensions */ = {
			isa = PBXGroup;
			children = (
				4903F0AB237C4F8400CE9AE2 /* UIColor+Hex.swift */,
			);
			path = Extensions;
			sourceTree = "<group>";
		};
		4903F0AD237C513C00CE9AE2 /* Components */ = {
			isa = PBXGroup;
			children = (
				4903F0AE237C516B00CE9AE2 /* BreatheView.swift */,
			);
			path = Components;
			sourceTree = "<group>";
		};
/* End PBXGroup section */

/* Begin PBXNativeTarget section */
		4903F08A237C4D6300CE9AE2 /* Breathe */ = {
			isa = PBXNativeTarget;
			buildConfigurationList = 4903F09F237C4D6400CE9AE2 /* Build configuration list for PBXNativeTarget "Breathe" */;
			buildPhases = (
				4903F087237C4D6300CE9AE2 /* Sources */,
				4903F088237C4D6300CE9AE2 /* Frameworks */,
				4903F089237C4D6300CE9AE2 /* Resources */,
			);
			buildRules = (
			);
			dependencies = (
			);
			name = Breathe;
			productName = Breathe;
			productReference = 4903F08B237C4D6300CE9AE2 /* Breathe.app */;
			productType = "com.apple.product-type.application";
		};
/* End PBXNativeTarget section */

/* Begin PBXProject section */
		4903F083237C4D6300CE9AE2 /* Project object */ = {
			isa = PBXProject;
			attributes = {
				LastSwiftUpdateCheck = 1120;
				LastUpgradeCheck = 1120;
				ORGANIZATIONNAME = "Andrew Zaiets";
				TargetAttributes = {
					4903F08A237C4D6300CE9AE2 = {
						CreatedOnToolsVersion = 11.2.1;
					};
				};
			};
			buildConfigurationList = 4903F086237C4D6300CE9AE2 /* Build configuration list for PBXProject "Breathe" */;
			compatibilityVersion = "Xcode 9.3";
			developmentRegion = en;
			hasScannedForEncodings = 0;
			knownRegions = (
				en,
				Base,
			);
			mainGroup = 4903F082237C4D6300CE9AE2;
			productRefGroup = 4903F08C237C4D6300CE9AE2 /* Products */;
			projectDirPath = "";
			projectRoot = "";
			targets = (
				4903F08A237C4D6300CE9AE2 /* Breathe */,
			);
		};
/* End PBXProject section */

/* Begin PBXResourcesBuildPhase section */
		4903F089237C4D6300CE9AE2 /* Resources */ = {
			isa = PBXResourcesBuildPhase;
			buildActionMask = 2147483647;
			files = (
				4903F09B237C4D6400CE9AE2 /* LaunchScreen.storyboard in Resources */,
				4903F098237C4D6400CE9AE2 /* Assets.xcassets in Resources */,
				4903F0A3237C4D8800CE9AE2 /* Data.json in Resources */,
				4903F096237C4D6300CE9AE2 /* Main.storyboard in Resources */,
			);
			runOnlyForDeploymentPostprocessing = 0;
		};
/* End PBXResourcesBuildPhase section */

/* Begin PBXSourcesBuildPhase section */
		4903F087237C4D6300CE9AE2 /* Sources */ = {
			isa = PBXSourcesBuildPhase;
			buildActionMask = 2147483647;
			files = (
				4903F093237C4D6300CE9AE2 /* MainViewController.swift in Sources */,
				4903F0B3237C5A4200CE9AE2 /* SceneDelegate.swift in Sources */,
				4903F0AC237C4F8400CE9AE2 /* UIColor+Hex.swift in Sources */,
				4903F0AF237C516B00CE9AE2 /* BreatheView.swift in Sources */,
				4903F08F237C4D6300CE9AE2 /* AppDelegate.swift in Sources */,
				4903F0A9237C4E7900CE9AE2 /* Phase.swift in Sources */,
			);
			runOnlyForDeploymentPostprocessing = 0;
		};
/* End PBXSourcesBuildPhase section */

/* Begin PBXVariantGroup section */
		4903F094237C4D6300CE9AE2 /* Main.storyboard */ = {
			isa = PBXVariantGroup;
			children = (
				4903F095237C4D6300CE9AE2 /* Base */,
			);
			name = Main.storyboard;
			sourceTree = "<group>";
		};
		4903F099237C4D6400CE9AE2 /* LaunchScreen.storyboard */ = {
			isa = PBXVariantGroup;
			children = (
				4903F09A237C4D6400CE9AE2 /* Base */,
			);
			name = LaunchScreen.storyboard;
			sourceTree = "<group>";
		};
/* End PBXVariantGroup section */

/* Begin XCBuildConfiguration section */
		4903F09D237C4D6400CE9AE2 /* Debug */ = {
			isa = XCBuildConfiguration;
			buildSettings = {
				ALWAYS_SEARCH_USER_PATHS = NO;
				CLANG_ANALYZER_NONNULL = YES;
				CLANG_ANALYZER_NUMBER_OBJECT_CONVERSION = YES_AGGRESSIVE;
				CLANG_CXX_LANGUAGE_STANDARD = "gnu++14";
				CLANG_CXX_LIBRARY = "libc++";
				CLANG_ENABLE_MODULES = YES;
				CLANG_ENABLE_OBJC_ARC = YES;
				CLANG_ENABLE_OBJC_WEAK = YES;
				CLANG_WARN_BLOCK_CAPTURE_AUTORELEASING = YES;
				CLANG_WARN_BOOL_CONVERSION = YES;
				CLANG_WARN_COMMA = YES;
				CLANG_WARN_CONSTANT_CONVERSION = YES;
				CLANG_WARN_DEPRECATED_OBJC_IMPLEMENTATIONS = YES;
				CLANG_WARN_DIRECT_OBJC_ISA_USAGE = YES_ERROR;
				CLANG_WARN_DOCUMENTATION_COMMENTS = YES;
				CLANG_WARN_EMPTY_BODY = YES;
				CLANG_WARN_ENUM_CONVERSION = YES;
				CLANG_WARN_INFINITE_RECURSION = YES;
				CLANG_WARN_INT_CONVERSION = YES;
				CLANG_WARN_NON_LITERAL_NULL_CONVERSION = YES;
				CLANG_WARN_OBJC_IMPLICIT_RETAIN_SELF = YES;
				CLANG_WARN_OBJC_LITERAL_CONVERSION = YES;
				CLANG_WARN_OBJC_ROOT_CLASS = YES_ERROR;
				CLANG_WARN_RANGE_LOOP_ANALYSIS = YES;
				CLANG_WARN_STRICT_PROTOTYPES = YES;
				CLANG_WARN_SUSPICIOUS_MOVE = YES;
				CLANG_WARN_UNGUARDED_AVAILABILITY = YES_AGGRESSIVE;
				CLANG_WARN_UNREACHABLE_CODE = YES;
				CLANG_WARN__DUPLICATE_METHOD_MATCH = YES;
				COPY_PHASE_STRIP = NO;
				DEBUG_INFORMATION_FORMAT = dwarf;
				ENABLE_STRICT_OBJC_MSGSEND = YES;
				ENABLE_TESTABILITY = YES;
				GCC_C_LANGUAGE_STANDARD = gnu11;
				GCC_DYNAMIC_NO_PIC = NO;
				GCC_NO_COMMON_BLOCKS = YES;
				GCC_OPTIMIZATION_LEVEL = 0;
				GCC_PREPROCESSOR_DEFINITIONS = (
					"DEBUG=1",
					"$(inherited)",
				);
				GCC_WARN_64_TO_32_BIT_CONVERSION = YES;
				GCC_WARN_ABOUT_RETURN_TYPE = YES_ERROR;
				GCC_WARN_UNDECLARED_SELECTOR = YES;
				GCC_WARN_UNINITIALIZED_AUTOS = YES_AGGRESSIVE;
				GCC_WARN_UNUSED_FUNCTION = YES;
				GCC_WARN_UNUSED_VARIABLE = YES;
				IPHONEOS_DEPLOYMENT_TARGET = 13.2;
				MTL_ENABLE_DEBUG_INFO = INCLUDE_SOURCE;
				MTL_FAST_MATH = YES;
				ONLY_ACTIVE_ARCH = YES;
				SDKROOT = iphoneos;
				SWIFT_ACTIVE_COMPILATION_CONDITIONS = DEBUG;
				SWIFT_OPTIMIZATION_LEVEL = "-Onone";
			};
			name = Debug;
		};
		4903F09E237C4D6400CE9AE2 /* Release */ = {
			isa = XCBuildConfiguration;
			buildSettings = {
				ALWAYS_SEARCH_USER_PATHS = NO;
				CLANG_ANALYZER_NONNULL = YES;
				CLANG_ANALYZER_NUMBER_OBJECT_CONVERSION = YES_AGGRESSIVE;
				CLANG_CXX_LANGUAGE_STANDARD = "gnu++14";
				CLANG_CXX_LIBRARY = "libc++";
				CLANG_ENABLE_MODULES = YES;
				CLANG_ENABLE_OBJC_ARC = YES;
				CLANG_ENABLE_OBJC_WEAK = YES;
				CLANG_WARN_BLOCK_CAPTURE_AUTORELEASING = YES;
				CLANG_WARN_BOOL_CONVERSION = YES;
				CLANG_WARN_COMMA = YES;
				CLANG_WARN_CONSTANT_CONVERSION = YES;
				CLANG_WARN_DEPRECATED_OBJC_IMPLEMENTATIONS = YES;
				CLANG_WARN_DIRECT_OBJC_ISA_USAGE = YES_ERROR;
				CLANG_WARN_DOCUMENTATION_COMMENTS = YES;
				CLANG_WARN_EMPTY_BODY = YES;
				CLANG_WARN_ENUM_CONVERSION = YES;
				CLANG_WARN_INFINITE_RECURSION = YES;
				CLANG_WARN_INT_CONVERSION = YES;
				CLANG_WARN_NON_LITERAL_NULL_CONVERSION = YES;
				CLANG_WARN_OBJC_IMPLICIT_RETAIN_SELF = YES;
				CLANG_WARN_OBJC_LITERAL_CONVERSION = YES;
				CLANG_WARN_OBJC_ROOT_CLASS = YES_ERROR;
				CLANG_WARN_RANGE_LOOP_ANALYSIS = YES;
				CLANG_WARN_STRICT_PROTOTYPES = YES;
				CLANG_WARN_SUSPICIOUS_MOVE = YES;
				CLANG_WARN_UNGUARDED_AVAILABILITY = YES_AGGRESSIVE;
				CLANG_WARN_UNREACHABLE_CODE = YES;
				CLANG_WARN__DUPLICATE_METHOD_MATCH = YES;
				COPY_PHASE_STRIP = NO;
				DEBUG_INFORMATION_FORMAT = "dwarf-with-dsym";
				ENABLE_NS_ASSERTIONS = NO;
				ENABLE_STRICT_OBJC_MSGSEND = YES;
				GCC_C_LANGUAGE_STANDARD = gnu11;
				GCC_NO_COMMON_BLOCKS = YES;
				GCC_WARN_64_TO_32_BIT_CONVERSION = YES;
				GCC_WARN_ABOUT_RETURN_TYPE = YES_ERROR;
				GCC_WARN_UNDECLARED_SELECTOR = YES;
				GCC_WARN_UNINITIALIZED_AUTOS = YES_AGGRESSIVE;
				GCC_WARN_UNUSED_FUNCTION = YES;
				GCC_WARN_UNUSED_VARIABLE = YES;
				IPHONEOS_DEPLOYMENT_TARGET = 13.2;
				MTL_ENABLE_DEBUG_INFO = NO;
				MTL_FAST_MATH = YES;
				SDKROOT = iphoneos;
				SWIFT_COMPILATION_MODE = wholemodule;
				SWIFT_OPTIMIZATION_LEVEL = "-O";
				VALIDATE_PRODUCT = YES;
			};
			name = Release;
		};
		4903F0A0237C4D6400CE9AE2 /* Debug */ = {
			isa = XCBuildConfiguration;
			buildSettings = {
				ASSETCATALOG_COMPILER_APPICON_NAME = AppIcon;
				CODE_SIGN_STYLE = Automatic;
				DEVELOPMENT_TEAM = BK463G8GP3;
				INFOPLIST_FILE = Breathe/Info.plist;
				LD_RUNPATH_SEARCH_PATHS = (
					"$(inherited)",
					"@executable_path/Frameworks",
				);
				PRODUCT_BUNDLE_IDENTIFIER = "Andrew-Zaiets.Breathe";
				PRODUCT_NAME = "$(TARGET_NAME)";
				SWIFT_VERSION = 5.0;
				TARGETED_DEVICE_FAMILY = "1,2";
			};
			name = Debug;
		};
		4903F0A1237C4D6400CE9AE2 /* Release */ = {
			isa = XCBuildConfiguration;
			buildSettings = {
				ASSETCATALOG_COMPILER_APPICON_NAME = AppIcon;
				CODE_SIGN_STYLE = Automatic;
				DEVELOPMENT_TEAM = BK463G8GP3;
				INFOPLIST_FILE = Breathe/Info.plist;
				LD_RUNPATH_SEARCH_PATHS = (
					"$(inherited)",
					"@executable_path/Frameworks",
				);
				PRODUCT_BUNDLE_IDENTIFIER = "Andrew-Zaiets.Breathe";
				PRODUCT_NAME = "$(TARGET_NAME)";
				SWIFT_VERSION = 5.0;
				TARGETED_DEVICE_FAMILY = "1,2";
			};
			name = Release;
		};
/* End XCBuildConfiguration section */

/* Begin XCConfigurationList section */
		4903F086237C4D6300CE9AE2 /* Build configuration list for PBXProject "Breathe" */ = {
			isa = XCConfigurationList;
			buildConfigurations = (
				4903F09D237C4D6400CE9AE2 /* Debug */,
				4903F09E237C4D6400CE9AE2 /* Release */,
			);
			defaultConfigurationIsVisible = 0;
			defaultConfigurationName = Release;
		};
		4903F09F237C4D6400CE9AE2 /* Build configuration list for PBXNativeTarget "Breathe" */ = {
			isa = XCConfigurationList;
			buildConfigurations = (
				4903F0A0237C4D6400CE9AE2 /* Debug */,
				4903F0A1237C4D6400CE9AE2 /* Release */,
			);
			defaultConfigurationIsVisible = 0;
			defaultConfigurationName = Release;
		};
/* End XCConfigurationList section */
	};
	rootObject = 4903F083237C4D6300CE9AE2 /* Project object */;
}
